
DEPENDENCIES: 
- BlocksKit (= 1.5.1)
- ConciseKit (= 0.1.2)
- FlurrySDK (= 4.0.4)
- MBProgressHUD (= 0.5)
- TTTAttributedLabel (= 1.3.0)
- TestFlightSDK (= 1.1)

SPEC CHECKSUMS: 
  libffi: 8a1d9ba43c0c84b546b42c6f742714e73aa07ae1
  BlocksKit: b270fd80c9ea10908feba15ffdbedc0d39ce0382
  TestFlightSDK: 2a2cdb82967c7f05655683c61854c92d36e9104d
  ConciseKit: 1e086a66d098ba160ca5faa86458a0431b280b30
  TTTAttributedLabel: 58386dcb6d23389d6e4381de7a0b21d4f7e1a283
  MBProgressHUD: b23ee11c42253d6d804e8e0bfabdc334e8b2571f
  FlurrySDK: 687546ff3267c28d615fdd7956f81f5255899145
  A2DynamicDelegate: 013b345f1aca891ded67a95c1512fad677c260a9

PODS: 
- A2DynamicDelegate (2.0.2): 
  - libffi
- BlocksKit (1.5.1): 
  - A2DynamicDelegate
- ConciseKit (0.1.2)
- FlurrySDK (4.0.4)
- MBProgressHUD (0.5)
- TTTAttributedLabel (1.3.0)
- TestFlightSDK (1.1)
- libffi (3.0.11)

COCOAPODS: 0.16.0
